
Microsoft Visual Studio Solution File, Format Version 12.00
# Visual Studio 15
VisualStudioVersion = 15.0.27703.2042
MinimumVisualStudioVersion = 10.0.40219.1
Project("{9A19103F-16F7-4668-BE54-9A1E7A4F7556}") = "TheHiProgram", "TheHiProgram\TheHiProgram.csproj", "{E9E7E2ED-E393-47DC-B94F-E7146C7DC374}"
EndProject
Project("{9A19103F-16F7-4668-BE54-9A1E7A4F7556}") = "AgeAfter10Years", "AgeAfter10Years\AgeAfter10Years.csproj", "{066463A8-1928-4673-8817-9E4709BAB257}"
EndProject
Project("{2150E333-8FDC-42A3-9474-1A3956D46DE8}") = "Week2", "Week2", "{FE6280ED-9515-4830-B63E-3916B2C7E777}"
EndProject
Project("{9A19103F-16F7-4668-BE54-9A1E7A4F7556}") = "Travel2TheSunWithSoundSpreedInWater", "Travel2TheSunWithSoundSpreedInWater\Travel2TheSunWithSoundSpreedInWater.csproj", "{0F53CB1A-9AB7-4F24-ACD1-6D5245FEBD48}"
EndProject
Project("{9A19103F-16F7-4668-BE54-9A1E7A4F7556}") = "FindFourDigitInNumber", "FindFourDigitInNumber\FindFourDigitInNumber.csproj", "{E3558E25-2197-4DA4-8630-A078ADAB4519}"
EndProject
Project("{9A19103F-16F7-4668-BE54-9A1E7A4F7556}") = "CalculateWeightOnDifferentPlanet", "CalculateWeightOnDifferentPlanet\CalculateWeightOnDifferentPlanet.csproj", "{0CB62C7B-6E73-4C4D-B822-229073BE05F7}"
EndProject
Project("{9A19103F-16F7-4668-BE54-9A1E7A4F7556}") = "DecartCoordinates", "DecartCoordinates\DecartCoordinates.csproj", "{8F76B0B5-DEDB-4CBF-9032-D88FEEDA21A2}"
EndProject
Project("{2150E333-8FDC-42A3-9474-1A3956D46DE8}") = "Week3", "Week3", "{F1274EE8-750A-4B0E-8F04-5FEFCEAF7828}"
EndProject
Project("{FAE04EC0-301F-11D3-BF4B-00C04F79EFBC}") = "BusTicketLuckyNumbers", "BusTicketLuckyNumbers\BusTicketLuckyNumbers.csproj", "{09352159-EF13-441F-BAD4-D6DE240E5673}"
EndProject
Project("{FAE04EC0-301F-11D3-BF4B-00C04F79EFBC}") = "MiserPiggy", "MiserPiggy\MiserPiggy.csproj", "{678A241C-32B5-4306-A6E9-7BE3AF816EAE}"
EndProject
Project("{FAE04EC0-301F-11D3-BF4B-00C04F79EFBC}") = "SimpleDeckOfCards", "SimpleDeckOfCards\SimpleDeckOfCards.csproj", "{D3D4800F-3E0A-4C30-8970-891D1CFD77CF}"
EndProject
Project("{2150E333-8FDC-42A3-9474-1A3956D46DE8}") = "Week6", "Week6", "{3A4EA281-DC71-4C14-BD73-5F5FFC5B237C}"
EndProject
Project("{FAE04EC0-301F-11D3-BF4B-00C04F79EFBC}") = "SmileysForStudents", "SmileysForStudents\SmileysForStudents.csproj", "{8D883ED8-043E-41B7-81B3-414D44EBF83F}"
EndProject
Project("{FAE04EC0-301F-11D3-BF4B-00C04F79EFBC}") = "GetMax", "GetMax\GetMax.csproj", "{3C49D714-726D-4E59-98A7-4B20353A6281}"
EndProject
Project("{FAE04EC0-301F-11D3-BF4B-00C04F79EFBC}") = "GeometryCalculator", "GeometryCalculator\GeometryCalculator.csproj", "{F6453B83-FD4D-41BB-B744-390E8294A66B}"
EndProject
Global
	GlobalSection(SolutionConfigurationPlatforms) = preSolution
		Debug|Any CPU = Debug|Any CPU
		Release|Any CPU = Release|Any CPU
	EndGlobalSection
	GlobalSection(ProjectConfigurationPlatforms) = postSolution
		{E9E7E2ED-E393-47DC-B94F-E7146C7DC374}.Debug|Any CPU.ActiveCfg = Debug|Any CPU
		{E9E7E2ED-E393-47DC-B94F-E7146C7DC374}.Debug|Any CPU.Build.0 = Debug|Any CPU
		{E9E7E2ED-E393-47DC-B94F-E7146C7DC374}.Release|Any CPU.ActiveCfg = Release|Any CPU
		{E9E7E2ED-E393-47DC-B94F-E7146C7DC374}.Release|Any CPU.Build.0 = Release|Any CPU
		{066463A8-1928-4673-8817-9E4709BAB257}.Debug|Any CPU.ActiveCfg = Debug|Any CPU
		{066463A8-1928-4673-8817-9E4709BAB257}.Debug|Any CPU.Build.0 = Debug|Any CPU
		{066463A8-1928-4673-8817-9E4709BAB257}.Release|Any CPU.ActiveCfg = Release|Any CPU
		{066463A8-1928-4673-8817-9E4709BAB257}.Release|Any CPU.Build.0 = Release|Any CPU
		{0F53CB1A-9AB7-4F24-ACD1-6D5245FEBD48}.Debug|Any CPU.ActiveCfg = Debug|Any CPU
		{0F53CB1A-9AB7-4F24-ACD1-6D5245FEBD48}.Debug|Any CPU.Build.0 = Debug|Any CPU
		{0F53CB1A-9AB7-4F24-ACD1-6D5245FEBD48}.Release|Any CPU.ActiveCfg = Release|Any CPU
		{0F53CB1A-9AB7-4F24-ACD1-6D5245FEBD48}.Release|Any CPU.Build.0 = Release|Any CPU
		{E3558E25-2197-4DA4-8630-A078ADAB4519}.Debug|Any CPU.ActiveCfg = Debug|Any CPU
		{E3558E25-2197-4DA4-8630-A078ADAB4519}.Debug|Any CPU.Build.0 = Debug|Any CPU
		{E3558E25-2197-4DA4-8630-A078ADAB4519}.Release|Any CPU.ActiveCfg = Release|Any CPU
		{E3558E25-2197-4DA4-8630-A078ADAB4519}.Release|Any CPU.Build.0 = Release|Any CPU
		{0CB62C7B-6E73-4C4D-B822-229073BE05F7}.Debug|Any CPU.ActiveCfg = Debug|Any CPU
		{0CB62C7B-6E73-4C4D-B822-229073BE05F7}.Debug|Any CPU.Build.0 = Debug|Any CPU
		{0CB62C7B-6E73-4C4D-B822-229073BE05F7}.Release|Any CPU.ActiveCfg = Release|Any CPU
		{0CB62C7B-6E73-4C4D-B822-229073BE05F7}.Release|Any CPU.Build.0 = Release|Any CPU
		{8F76B0B5-DEDB-4CBF-9032-D88FEEDA21A2}.Debug|Any CPU.ActiveCfg = Debug|Any CPU
		{8F76B0B5-DEDB-4CBF-9032-D88FEEDA21A2}.Debug|Any CPU.Build.0 = Debug|Any CPU
		{8F76B0B5-DEDB-4CBF-9032-D88FEEDA21A2}.Release|Any CPU.ActiveCfg = Release|Any CPU
		{8F76B0B5-DEDB-4CBF-9032-D88FEEDA21A2}.Release|Any CPU.Build.0 = Release|Any CPU
		{09352159-EF13-441F-BAD4-D6DE240E5673}.Debug|Any CPU.ActiveCfg = Debug|Any CPU
		{09352159-EF13-441F-BAD4-D6DE240E5673}.Debug|Any CPU.Build.0 = Debug|Any CPU
		{09352159-EF13-441F-BAD4-D6DE240E5673}.Release|Any CPU.ActiveCfg = Release|Any CPU
		{09352159-EF13-441F-BAD4-D6DE240E5673}.Release|Any CPU.Build.0 = Release|Any CPU
		{678A241C-32B5-4306-A6E9-7BE3AF816EAE}.Debug|Any CPU.ActiveCfg = Debug|Any CPU
		{678A241C-32B5-4306-A6E9-7BE3AF816EAE}.Debug|Any CPU.Build.0 = Debug|Any CPU
		{678A241C-32B5-4306-A6E9-7BE3AF816EAE}.Release|Any CPU.ActiveCfg = Release|Any CPU
		{678A241C-32B5-4306-A6E9-7BE3AF816EAE}.Release|Any CPU.Build.0 = Release|Any CPU
		{D3D4800F-3E0A-4C30-8970-891D1CFD77CF}.Debug|Any CPU.ActiveCfg = Debug|Any CPU
		{D3D4800F-3E0A-4C30-8970-891D1CFD77CF}.Debug|Any CPU.Build.0 = Debug|Any CPU
		{D3D4800F-3E0A-4C30-8970-891D1CFD77CF}.Release|Any CPU.ActiveCfg = Release|Any CPU
		{D3D4800F-3E0A-4C30-8970-891D1CFD77CF}.Release|Any CPU.Build.0 = Release|Any CPU
		{8D883ED8-043E-41B7-81B3-414D44EBF83F}.Debug|Any CPU.ActiveCfg = Debug|Any CPU
		{8D883ED8-043E-41B7-81B3-414D44EBF83F}.Debug|Any CPU.Build.0 = Debug|Any CPU
		{8D883ED8-043E-41B7-81B3-414D44EBF83F}.Release|Any CPU.ActiveCfg = Release|Any CPU
		{8D883ED8-043E-41B7-81B3-414D44EBF83F}.Release|Any CPU.Build.0 = Release|Any CPU
		{3C49D714-726D-4E59-98A7-4B20353A6281}.Debug|Any CPU.ActiveCfg = Debug|Any CPU
		{3C49D714-726D-4E59-98A7-4B20353A6281}.Debug|Any CPU.Build.0 = Debug|Any CPU
		{3C49D714-726D-4E59-98A7-4B20353A6281}.Release|Any CPU.ActiveCfg = Release|Any CPU
		{3C49D714-726D-4E59-98A7-4B20353A6281}.Release|Any CPU.Build.0 = Release|Any CPU
		{F6453B83-FD4D-41BB-B744-390E8294A66B}.Debug|Any CPU.ActiveCfg = Debug|Any CPU
		{F6453B83-FD4D-41BB-B744-390E8294A66B}.Debug|Any CPU.Build.0 = Debug|Any CPU
		{F6453B83-FD4D-41BB-B744-390E8294A66B}.Release|Any CPU.ActiveCfg = Release|Any CPU
		{F6453B83-FD4D-41BB-B744-390E8294A66B}.Release|Any CPU.Build.0 = Release|Any CPU
	EndGlobalSection
	GlobalSection(SolutionProperties) = preSolution
		HideSolutionNode = FALSE
	EndGlobalSection
	GlobalSection(NestedProjects) = preSolution
		{0F53CB1A-9AB7-4F24-ACD1-6D5245FEBD48} = {FE6280ED-9515-4830-B63E-3916B2C7E777}
		{E3558E25-2197-4DA4-8630-A078ADAB4519} = {FE6280ED-9515-4830-B63E-3916B2C7E777}
		{0CB62C7B-6E73-4C4D-B822-229073BE05F7} = {FE6280ED-9515-4830-B63E-3916B2C7E777}
		{8F76B0B5-DEDB-4CBF-9032-D88FEEDA21A2} = {FE6280ED-9515-4830-B63E-3916B2C7E777}
		{09352159-EF13-441F-BAD4-D6DE240E5673} = {F1274EE8-750A-4B0E-8F04-5FEFCEAF7828}
		{678A241C-32B5-4306-A6E9-7BE3AF816EAE} = {F1274EE8-750A-4B0E-8F04-5FEFCEAF7828}
		{D3D4800F-3E0A-4C30-8970-891D1CFD77CF} = {F1274EE8-750A-4B0E-8F04-5FEFCEAF7828}
		{8D883ED8-043E-41B7-81B3-414D44EBF83F} = {3A4EA281-DC71-4C14-BD73-5F5FFC5B237C}
		{3C49D714-726D-4E59-98A7-4B20353A6281} = {3A4EA281-DC71-4C14-BD73-5F5FFC5B237C}
		{F6453B83-FD4D-41BB-B744-390E8294A66B} = {3A4EA281-DC71-4C14-BD73-5F5FFC5B237C}
	EndGlobalSection
	GlobalSection(ExtensibilityGlobals) = postSolution
		SolutionGuid = {36591D94-E5F8-42E2-9379-A4F4D3425FCA}
	EndGlobalSection
EndGlobal
